Microsoft Visual Studio Solution File, Format Version 12.00
# Visual Studio 2012
Project("{FAE04EC0-301F-11D3-BF4B-00C04F79EFBC}") = "godot-goal-oriented-action-planning", "godot-goal-oriented-action-planning.csproj", "{480EBB99-CE34-473D-8B97-2B1076E6000F}"
EndProject
Global
	GlobalSection(SolutionConfigurationPlatforms) = preSolution
	Debug|Any CPU = Debug|Any CPU
	ExportDebug|Any CPU = ExportDebug|Any CPU
	ExportRelease|Any CPU = ExportRelease|Any CPU
	EndGlobalSection
	GlobalSection(ProjectConfigurationPlatforms) = postSolution
		{480EBB99-CE34-473D-8B97-2B1076E6000F}.Debug|Any CPU.ActiveCfg = Debug|Any CPU
		{480EBB99-CE34-473D-8B97-2B1076E6000F}.Debug|Any CPU.Build.0 = Debug|Any CPU
		{480EBB99-CE34-473D-8B97-2B1076E6000F}.ExportDebug|Any CPU.ActiveCfg = ExportDebug|Any CPU
		{480EBB99-CE34-473D-8B97-2B1076E6000F}.ExportDebug|Any CPU.Build.0 = ExportDebug|Any CPU
		{480EBB99-CE34-473D-8B97-2B1076E6000F}.ExportRelease|Any CPU.ActiveCfg = ExportRelease|Any CPU
		{480EBB99-CE34-473D-8B97-2B1076E6000F}.ExportRelease|Any CPU.Build.0 = ExportRelease|Any CPU
	EndGlobalSection
EndGlobal
